
Microsoft Visual Studio Solution File, Format Version 11.00
# Visual C++ Express 2010
Project("{8BC9CEB8-8B4A-11D0-8D11-00A0C91BC942}") = "myexample", "myexample\myexample.vcxproj", "{A9D39843-00A6-4B35-9775-87ACB9D6B077}"
EndProject
Global
	GlobalSection(SolutionConfigurationPlatforms) = preSolution
		Debug|Win32 = Debug|Win32
		Release|Win32 = Release|Win32
	EndGlobalSection
	GlobalSection(ProjectConfigurationPlatforms) = postSolution
		{A9D39843-00A6-4B35-9775-87ACB9D6B077}.Debug|Win32.ActiveCfg = Debug|Win32
		{A9D39843-00A6-4B35-9775-87ACB9D6B077}.Debug|Win32.Build.0 = Debug|Win32
		{A9D39843-00A6-4B35-9775-87ACB9D6B077}.Release|Win32.ActiveCfg = Release|Win32
		{A9D39843-00A6-4B35-9775-87ACB9D6B077}.Release|Win32.Build.0 = Release|Win32
	EndGlobalSection
	GlobalSection(SolutionProperties) = preSolution
		HideSolutionNode = FALSE
	EndGlobalSection
EndGlobal
